{
  "name": "@schibsted/googoo",
  "version": "3.0.0",
  "lockfileVersion": 1,
  "requires": true,
  "dependencies": {
    "@aws-sdk/client-api-gateway": {
      "version": "3.1110.0",
      "resolved": "https://registry.npmjs.org/@aws-sdk/client-api-gateway/-/client-api-gateway-3.1110.0.tgz",
      "integrity": "sha512-XmnTF6YGzAk/nCHjouli+KhEQORIK9h6hwUgWdTDxDAROedA6b6sBepUfFF4J5Lwn0Uavsh52/5aAnprnJmURA==",
      "requires": {
        "@aws-sdk/core": "^3.977.7",
        "@aws-sdk/credential-provider-node": "^3.972.79",
        "@aws-sdk/middleware-sdk-api-gateway": "^3.972.27",
        "@aws-sdk/types": "^3.974.3",
        "@smithy/core": "^3.31.1",
        "@smithy/fetch-http-handler": "^5.6.13",
        "@smithy/node-http-handler": "^4.9.13",
        "@smithy/types": "^4.16.1",
        "tslib": "^2.6.2"
      }
    },
    "@aws-sdk/core": {
      "version": "3.977.7",
      "resolved": "https://registry.npmjs.org/@aws-sdk/core/-/core-3.977.7.tgz",
      "integrity": "sha512-I88Iov89NVmjSmJLKSv7Cn9M2J+a2942OkA8nZCbz+sl4ZeY4zEOcoLOrbt1GRfQ8zEQKnjAJdXixA3J/p1fDQ==",
      "requires": {
        "@aws-sdk/types": "^3.974.3",
        "@aws-sdk/xml-builder": "^3.972.38",
        "@aws/lambda-invoke-store": "^0.3.0",
        "@smithy/core": "^3.31.1",
        "@smithy/signature-v4": "^5.6.12",
        "@smithy/types": "^4.16.1",
        "bowser": "^2.11.0",
        "tslib": "^2.6.2"
      }
    },
    "@aws-sdk/credential-provider-env": {
      "version": "3.972.68",
      "resolved": "https://registry.npmjs.org/@aws-sdk/credential-provider-env/-/credential-provider-env-3.972.68.tgz",
      "integrity": "sha512-2a20A/IdNOwUvaDq91iqqS7BA0XlNMfW3iLGZGZLJv0EbUqhSxB0PIx4rQQqssvWj1uXImb3/UCCdHz/+1dOiA==",
      "requires": {
        "@aws-sdk/core": "^3.977.7",
        "@aws-sdk/types": "^3.974.3",
        "@smithy/core": "^3.31.1",
        "@smithy/types": "^4.16.1",
        "tslib": "^2.6.2"
      }
    },
    "@aws-sdk/credential-provider-http": {
      "version": "3.972.70",
      "resolved": "https://registry.npmjs.org/@aws-sdk/credential-provider-http/-/credential-provider-http-3.972.70.tgz",
      "integrity": "sha512-0yRem2Fs52r/Nn6UAqIlpjexfaYj8ziEozOe9tamtAVT/5bzFLKx8O2r7MaRqgS3hGKHIa1Jij9nKHSsNnb04A==",
      "requires": {
        "@aws-sdk/core": "^3.977.7",
        "@aws-sdk/types": "^3.974.3",
        "@smithy/core": "^3.31.1",
        "@smithy/fetch-http-handler": "^5.6.13",
        "@smithy/node-http-handler": "^4.9.13",
        "@smithy/types": "^4.16.1",
        "tslib": "^2.6.2"
      }
    },
    "@aws-sdk/credential-provider-ini": {
      "version": "3.973.13",
      "resolved": "https://registry.npmjs.org/@aws-sdk/credential-provider-ini/-/credential-provider-ini-3.973.13.tgz",
      "integrity": "sha512-2M39DE02XpYYaSWYk/4AsImXYUU/1L2xmTMLUpMMWq7DfLv191/vCRy3baKtdr45AkJQyVgSjmuVOLm15SwrRQ==",
      "requires": {
        "@aws-sdk/core": "^3.977.7",
        "@aws-sdk/credential-provider-env": "^3.972.68",
        "@aws-sdk/credential-provider-http": "^3.972.70",
        "@aws-sdk/credential-provider-login": "^3.972.75",
        "@aws-sdk/credential-provider-process": "^3.972.68",
        "@aws-sdk/credential-provider-sso": "^3.973.12",
        "@aws-sdk/credential-provider-web-identity": "^3.972.74",
        "@aws-sdk/nested-clients": "^3.997.42",
        "@aws-sdk/types": "^3.974.3",
        "@smithy/core": "^3.31.1",
        "@smithy/credential-provider-imds": "^4.4.16",
        "@smithy/types": "^4.16.1",
        "tslib": "^2.6.2"
      }
    },
    "@aws-sdk/credential-provider-login": {
      "version": "3.972.75",
      "resolved": "https://registry.npmjs.org/@aws-sdk/credential-provider-login/-/credential-provider-login-3.972.75.tgz",
      "integrity": "sha512-jaTESuJlQsoUZ44f/i2puyPt8VlF/dMMJ9HM3cStYtk7eKX4N9UWi83OLixUkoOJH3BwWlPLCq9YIK9nfWhVBg==",
      "requires": {
        "@aws-sdk/core": "^3.977.7",
        "@aws-sdk/nested-clients": "^3.997.42",
        "@aws-sdk/types": "^3.974.3",
        "@smithy/core": "^3.31.1",
        "@smithy/types": "^4.16.1",
        "tslib": "^2.6.2"
      }
    },
    "@aws-sdk/credential-provider-node": {
      "version": "3.972.79",
      "resolved": "https://registry.npmjs.org/@aws-sdk/credential-provider-node/-/credential-provider-node-3.972.79.tgz",
      "integrity": "sha512-RIw5dof1EHkWubrZzPC941CDtnFG1iAXsxbFgLkhdYZXHc4icU13c/uxSMI0J5eUx9bxa7LjfpdjfClBB1QsDA==",
      "requires": {
        "@aws-sdk/credential-provider-env": "^3.972.68",
        "@aws-sdk/credential-provider-http": "^3.972.70",
        "@aws-sdk/credential-provider-ini": "^3.973.13",
        "@aws-sdk/credential-provider-process": "^3.972.68",
        "@aws-sdk/credential-provider-sso": "^3.973.12",
        "@aws-sdk/credential-provider-web-identity": "^3.972.74",
        "@aws-sdk/types": "^3.974.3",
        "@smithy/core": "^3.31.1",
        "@smithy/credential-provider-imds": "^4.4.16",
        "@smithy/types": "^4.16.1",
        "tslib": "^2.6.2"
      }
    },
    "@aws-sdk/credential-provider-process": {
      "version": "3.972.68",
      "resolved": "https://registry.npmjs.org/@aws-sdk/credential-provider-process/-/credential-provider-process-3.972.68.tgz",
      "integrity": "sha512-nLP3Pda2MQTFJ25hKBMmUuB9Uv+bTZQNlufbeCwklP549Vwnkd8bRLJoCKp5k6xjmdyptrPrOfGOhN0mKuca8A==",
      "requires": {
        "@aws-sdk/core": "^3.977.7",
        "@aws-sdk/types": "^3.974.3",
        "@smithy/core": "^3.31.1",
        "@smithy/types": "^4.16.1",
        "tslib": "^2.6.2"
      }
    },
    "@aws-sdk/credential-provider-sso": {
      "version": "3.973.12",
      "resolved": "https://registry.npmjs.org/@aws-sdk/credential-provider-sso/-/credential-provider-sso-3.973.12.tgz",
      "integrity": "sha512-EmgyyHn+f9WCcelp3L/vci+LGbX8GigWaVphRArjVo5Pktkr9YnLy/mQ6VDkDyBD72dtfRNTgHmD2ts4rTDXKQ==",
      "requires": {
        "@aws-sdk/core": "^3.977.7",
        "@aws-sdk/nested-clients": "^3.997.42",
        "@aws-sdk/token-providers": "3.1108.0",
        "@aws-sdk/types": "^3.974.3",
        "@smithy/core": "^3.31.1",
        "@smithy/types": "^4.16.1",
        "tslib": "^2.6.2"
      }
    },
    "@aws-sdk/credential-provider-web-identity": {
      "version": "3.972.74",
      "resolved": "https://registry.npmjs.org/@aws-sdk/credential-provider-web-identity/-/credential-provider-web-identity-3.972.74.tgz",
      "integrity": "sha512-0YfczxGXF3RjGj8z7QG/Ho2HnLGKDHfPSHiTs47UU1U/+mmwISDN+rvGKt2zh+3FX8NdT4xd95LGBGyhQw2dgQ==",
      "requires": {
        "@aws-sdk/core": "^3.977.7",
        "@aws-sdk/nested-clients": "^3.997.42",
        "@aws-sdk/types": "^3.974.3",
        "@smithy/core": "^3.31.1",
        "@smithy/types": "^4.16.1",
        "tslib": "^2.6.2"
      }
    },
    "@aws-sdk/middleware-sdk-api-gateway": {
      "version": "3.972.27",
      "resolved": "https://registry.npmjs.org/@aws-sdk/middleware-sdk-api-gateway/-/middleware-sdk-api-gateway-3.972.27.tgz",
      "integrity": "sha512-U2YKhGAjvOrRPQOWlh4kOF47Hk7RxHnUWDq5SSvfMAwuCIQgSE+KJPcSi0nfWxBv5iYSzRtGeG9dlTjuAu+JIQ==",
      "requires": {
        "@aws-sdk/types": "^3.974.3",
        "@smithy/core": "^3.31.1",
        "@smithy/types": "^4.16.1",
        "tslib": "^2.6.2"
      }
    },
    "@aws-sdk/nested-clients": {
      "version": "3.997.42",
      "resolved": "https://registry.npmjs.org/@aws-sdk/nested-clients/-/nested-clients-3.997.42.tgz",
      "integrity": "sha512-XWRyon2MTHXD/zMoo0Mbge6Vwf+iE0qQaM/RyGO6NfZ9WukCFiQL27nQVZjYy2JwSIg+iXZxKOX95OBXqlSM4w==",
      "requires": {
        "@aws-sdk/core": "^3.977.7",
        "@aws-sdk/signature-v4-multi-region": "^3.996.44",
        "@aws-sdk/types": "^3.974.3",
        "@smithy/core": "^3.31.1",
        "@smithy/fetch-http-handler": "^5.6.13",
        "@smithy/node-http-handler": "^4.9.13",
        "@smithy/types": "^4.16.1",
        "tslib": "^2.6.2"
      }
    },
    "@aws-sdk/signature-v4-multi-region": {
      "version": "3.996.44",
      "resolved": "https://registry.npmjs.org/@aws-sdk/signature-v4-multi-region/-/signature-v4-multi-region-3.996.44.tgz",
      "integrity": "sha512-ZSfQ35Qn4MhSY+A0Whyr+KBx+wJKZUyBsOrjB2pSHOafRzbFe47T8XcXM8hZqUAC69qnqIy0C9ArxTuud0CC2w==",
      "requires": {
        "@aws-sdk/types": "^3.974.3",
        "@smithy/signature-v4": "^5.6.12",
        "@smithy/types": "^4.16.1",
        "tslib": "^2.6.2"
      }
    },
    "@aws-sdk/token-providers": {
      "version": "3.1108.0",
      "resolved": "https://registry.npmjs.org/@aws-sdk/token-providers/-/token-providers-3.1108.0.tgz",
      "integrity": "sha512-rI80zxDxGJ6904eC/YbjkdjY6JdaZvQ01kOmrMvw7cFQGIHo27fhnIVbMSVDS4T6foQImjxYSRoOu/uSJscXDw==",
      "requires": {
        "@aws-sdk/core": "^3.977.7",
        "@aws-sdk/nested-clients": "^3.997.42",
        "@aws-sdk/types": "^3.974.3",
        "@smithy/core": "^3.31.1",
        "@smithy/types": "^4.16.1",
        "tslib": "^2.6.2"
      }
    },
    "@aws-sdk/types": {
      "version": "3.974.3",
      "resolved": "https://registry.npmjs.org/@aws-sdk/types/-/types-3.974.3.tgz",
      "integrity": "sha512-ECAqfpNsef+7MO8qtR0h9KcFIBAygaE7Cm6UOiQl+ft+uVap+1G7bNEjs4mdJE2OnA4m6k7i8peH8uGIAsOMGw==",
      "requires": {
        "@smithy/types": "^4.16.1",
        "tslib": "^2.6.2"
      }
    },
    "@aws-sdk/xml-builder": {
      "version": "3.972.38",
      "resolved": "https://registry.npmjs.org/@aws-sdk/xml-builder/-/xml-builder-3.972.38.tgz",
      "integrity": "sha512-grf7mzfVxBS5AlsuTvBN7uDpzqohFww9fRPCO+EBSUdvtsYMcPSKdz54h/7XiscqNcUM1Ae1MF7JLHmiYYuzbQ==",
      "requires": {
        "@smithy/types": "^4.16.1",
        "tslib": "^2.6.2"
      }
    },
    "@aws/lambda-invoke-store": {
      "version": "0.3.0",
      "resolved": "https://registry.npmjs.org/@aws/lambda-invoke-store/-/lambda-invoke-store-0.3.0.tgz",
      "integrity": "sha512-sl4Bm6yiMNYrZKkqqDFWN0UfnWhlS8ivKxrYl+6t0gCLrqr8y3B2IqZZbFRkfaVVp7C/baApyh71P+LeE1A2sQ=="
    },
    "@octokit/auth-token": {
      "version": "3.0.4",
      "resolved": "https://registry.npmjs.org/@octokit/auth-token/-/auth-token-3.0.4.tgz",
      "integrity": "sha512-TWFX7cZF2LXoCvdmJWY7XVPi74aSY0+FfBZNSXEXFkMpjcqsQwDSYVv5FhRFaI0V1ECnwbz4j59T/G+rXNWaIQ=="
    },
    "@octokit/core": {
      "version": "4.2.4",
      "resolved": "https://registry.npmjs.org/@octokit/core/-/core-4.2.4.tgz",
      "integrity": "sha512-rYKilwgzQ7/imScn3M9/pFfUf4I1AZEH3KhyJmtPdE2zfaXAn2mFfUy4FbKewzc2We5y/LlKLj36fWJLKC2SIQ==",
      "requires": {
        "@octokit/auth-token": "^3.0.0",
        "@octokit/graphql": "^5.0.0",
        "@octokit/request": "^6.0.0",
        "@octokit/request-error": "^3.0.0",
        "@octokit/types": "^9.0.0",
        "before-after-hook": "^2.2.0",
        "universal-user-agent": "^6.0.0"
      }
    },
    "@octokit/endpoint": {
      "version": "7.0.6",
      "resolved": "https://registry.npmjs.org/@octokit/endpoint/-/endpoint-7.0.6.tgz",
      "integrity": "sha512-5L4fseVRUsDFGR00tMWD/Trdeeihn999rTMGRMC1G/Ldi1uWlWJzI98H4Iak5DB/RVvQuyMYKqSK/R6mbSOQyg==",
      "requires": {
        "@octokit/types": "^9.0.0",
        "is-plain-object": "^5.0.0",
        "universal-user-agent": "^6.0.0"
      }
    },
    "@octokit/graphql": {
      "version": "5.0.6",
      "resolved": "https://registry.npmjs.org/@octokit/graphql/-/graphql-5.0.6.tgz",
      "integrity": "sha512-Fxyxdy/JH0MnIB5h+UQ3yCoh1FG4kWXfFKkpWqjZHw/p+Kc8Y44Hu/kCgNBT6nU1shNumEchmW/sUO1JuQnPcw==",
      "requires": {
        "@octokit/request": "^6.0.0",
        "@octokit/types": "^9.0.0",
        "universal-user-agent": "^6.0.0"
      }
    },
    "@octokit/openapi-types": {
      "version": "18.1.1",
      "resolved": "https://registry.npmjs.org/@octokit/openapi-types/-/openapi-types-18.1.1.tgz",
      "integrity": "sha512-VRaeH8nCDtF5aXWnjPuEMIYf1itK/s3JYyJcWFJT8X9pSNnBtriDf7wlEWsGuhPLl4QIH4xM8fqTXDwJ3Mu6sw=="
    },
    "@octokit/plugin-paginate-rest": {
      "version": "6.1.2",
      "resolved": "https://registry.npmjs.org/@octokit/plugin-paginate-rest/-/plugin-paginate-rest-6.1.2.tgz",
      "integrity": "sha512-qhrmtQeHU/IivxucOV1bbI/xZyC/iOBhclokv7Sut5vnejAIAEXVcGQeRpQlU39E0WwK9lNvJHphHri/DB6lbQ==",
      "requires": {
        "@octokit/tsconfig": "^1.0.2",
        "@octokit/types": "^9.2.3"
      }
    },
    "@octokit/plugin-request-log": {
      "version": "1.0.4",
      "resolved": "https://registry.npmjs.org/@octokit/plugin-request-log/-/plugin-request-log-1.0.4.tgz",
      "integrity": "sha512-mLUsMkgP7K/cnFEw07kWqXGF5LKrOkD+lhCrKvPHXWDywAwuDUeDwWBpc69XK3pNX0uKiVt8g5z96PJ6z9xCFA=="
    },
    "@octokit/plugin-rest-endpoint-methods": {
      "version": "7.2.3",
      "resolved": "https://registry.npmjs.org/@octokit/plugin-rest-endpoint-methods/-/plugin-rest-endpoint-methods-7.2.3.tgz",
      "integrity": "sha512-I5Gml6kTAkzVlN7KCtjOM+Ruwe/rQppp0QU372K1GP7kNOYEKe8Xn5BW4sE62JAHdwpq95OQK/qGNyKQMUzVgA==",
      "requires": {
        "@octokit/types": "^10.0.0"
      },
      "dependencies": {
        "@octokit/types": {
          "version": "10.0.0",
          "resolved": "https://registry.npmjs.org/@octokit/types/-/types-10.0.0.tgz",
          "integrity": "sha512-Vm8IddVmhCgU1fxC1eyinpwqzXPEYu0NrYzD3YZjlGjyftdLBTeqNblRC0jmJmgxbJIsQlyogVeGnrNaaMVzIg==",
          "requires": {
            "@octokit/openapi-types": "^18.0.0"
          }
        }
      }
    },
    "@octokit/request": {
      "version": "6.2.8",
      "resolved": "https://registry.npmjs.org/@octokit/request/-/request-6.2.8.tgz",
      "integrity": "sha512-ow4+pkVQ+6XVVsekSYBzJC0VTVvh/FCTUUgTsboGq+DTeWdyIFV8WSCdo0RIxk6wSkBTHqIK1mYuY7nOBXOchw==",
      "requires": {
        "@octokit/endpoint": "^7.0.0",
        "@octokit/request-error": "^3.0.0",
        "@octokit/types": "^9.0.0",
        "is-plain-object": "^5.0.0",
        "node-fetch": "^2.6.7",
        "universal-user-agent": "^6.0.0"
      }
    },
    "@octokit/request-error": {
      "version": "3.0.3",
      "resolved": "https://registry.npmjs.org/@octokit/request-error/-/request-error-3.0.3.tgz",
      "integrity": "sha512-crqw3V5Iy2uOU5Np+8M/YexTlT8zxCfI+qu+LxUB7SZpje4Qmx3mub5DfEKSO8Ylyk0aogi6TYdf6kxzh2BguQ==",
      "requires": {
        "@octokit/types": "^9.0.0",
        "deprecation": "^2.0.0",
        "once": "^1.4.0"
      }
    },
    "@octokit/rest": {
      "version": "19.0.13",
      "resolved": "https://registry.npmjs.org/@octokit/rest/-/rest-19.0.13.tgz",
      "integrity": "sha512-/EzVox5V9gYGdbAI+ovYj3nXQT1TtTHRT+0eZPcuC05UFSWO3mdO9UY1C0i2eLF9Un1ONJkAk+IEtYGAC+TahA==",
      "requires": {
        "@octokit/core": "^4.2.1",
        "@octokit/plugin-paginate-rest": "^6.1.2",
        "@octokit/plugin-request-log": "^1.0.4",
        "@octokit/plugin-rest-endpoint-methods": "^7.1.2"
      }
    },
    "@octokit/tsconfig": {
      "version": "1.0.2",
      "resolved": "https://registry.npmjs.org/@octokit/tsconfig/-/tsconfig-1.0.2.tgz",
      "integrity": "sha512-I0vDR0rdtP8p2lGMzvsJzbhdOWy405HcGovrspJ8RRibHnyRgggUSNO5AIox5LmqiwmatHKYsvj6VGFHkqS7lA=="
    },
    "@octokit/types": {
      "version": "9.3.2",
      "resolved": "https://registry.npmjs.org/@octokit/types/-/types-9.3.2.tgz",
      "integrity": "sha512-D4iHGTdAnEEVsB8fl95m1hiz7D5YiRdQ9b/OEb3BYRVwbLsGHcRVPz+u+BgRLNk0Q0/4iZCBqDN96j2XNxfXrA==",
      "requires": {
        "@octokit/openapi-types": "^18.0.0"
      }
    },
    "@smithy/core": {
      "version": "3.33.0",
      "resolved": "https://registry.npmjs.org/@smithy/core/-/core-3.33.0.tgz",
      "integrity": "sha512-uKbkxgqLyepQDZoq8aRSdUqD1ID//rOqG96ixBhp++O7vBtmwYM6fwldGhr9HJP0iYrdc7GP/AlgzPWEZIrNRg==",
      "requires": {
        "@smithy/types": "^4.17.0",
        "tslib": "^2.6.2"
      }
    },
    "@smithy/credential-provider-imds": {
      "version": "4.5.0",
      "resolved": "https://registry.npmjs.org/@smithy/credential-provider-imds/-/credential-provider-imds-4.5.0.tgz",
      "integrity": "sha512-2jsPi+7Zv2hSzD9IXR9D7DTqSn7mv4XalzRm+bESh53jiaUS3NKEUbpQFTJP0HhQy9qzZvluxQ3yS24zdRrqsA==",
      "requires": {
        "@smithy/core": "^3.32.0",
        "@smithy/types": "^4.17.0",
        "tslib": "^2.6.2"
      }
    },
    "@smithy/fetch-http-handler": {
      "version": "5.7.0",
      "resolved": "https://registry.npmjs.org/@smithy/fetch-http-handler/-/fetch-http-handler-5.7.0.tgz",
      "integrity": "sha512-W/exA8T0LEzCQtJ02w4IzaEQPIspgarqZprb7W8FwnYiDowgCrjl2fTQ6FvuSSUnJORuepBF81abmBJwqh+0XQ==",
      "requires": {
        "@smithy/core": "^3.32.0",
        "@smithy/types": "^4.17.0",
        "tslib": "^2.6.2"
      }
    },
    "@smithy/node-http-handler": {
      "version": "4.11.0",
      "resolved": "https://registry.npmjs.org/@smithy/node-http-handler/-/node-http-handler-4.11.0.tgz",
      "integrity": "sha512-ssHIZsadPUA3lGdnoByxfnjtb9xPYQLvdfJRLKIwxOoa6tO1suG4sLFSsgd7D/CsvYd8QbBIuKTImuJha5l6aQ==",
      "requires": {
        "@smithy/core": "^3.33.0",
        "@smithy/types": "^4.17.0",
        "tslib": "^2.6.2"
      }
    },
    "@smithy/signature-v4": {
      "version": "5.7.0",
      "resolved": "https://registry.npmjs.org/@smithy/signature-v4/-/signature-v4-5.7.0.tgz",
      "integrity": "sha512-hCynhm22wMJ8wTF9crcwu8mxggtUrSLLJgDcGUvYFBqpofxycYJCGKOMYg4xtPPFtgNiDJSYmhsWLTrcU/g59Q==",
      "requires": {
        "@smithy/core": "^3.32.0",
        "@smithy/types": "^4.17.0",
        "tslib": "^2.6.2"
      }
    },
    "@smithy/types": {
      "version": "4.17.0",
      "resolved": "https://registry.npmjs.org/@smithy/types/-/types-4.17.0.tgz",
      "integrity": "sha512-Aw4joiM0ZdErpo39lCj8phT2lxoiKZV+KZzBxnnQhWVtU2Is/WffQSL04uUWRcXUse9Ln8vXZK6V/FwqRVnQpg==",
      "requires": {
        "tslib": "^2.6.2"
      }
    },
    "ansi-regex": {
      "version": "6.3.0",
      "resolved": "https://registry.npmjs.org/ansi-regex/-/ansi-regex-6.3.0.tgz",
      "integrity": "sha512-WpDfL7NO6j7tH88IDBNVdUJxDh9nmCteAVW9dsep846XdwF4naCBK+/tGLX3KJgcpgMRXCFlTM2hKGoK9FsdrQ=="
    },
    "ansi-styles": {
      "version": "6.2.3",
      "resolved": "https://registry.npmjs.org/ansi-styles/-/ansi-styles-6.2.3.tgz",
      "integrity": "sha512-4Dj6M28JB+oAH8kFkTLUo+a2jwOFkuqb3yucU0CANcRRUbxS0cP0nZYCGjcc3BNXwRIsUVmDGgzawme7zvJHvg=="
    },
    "argparse": {
      "version": "2.0.1",
      "resolved": "https://registry.npmjs.org/argparse/-/argparse-2.0.1.tgz",
      "integrity": "sha512-8+9WqebbFzpX9OR+Wa6O29asIogeRMzcGtAINdpMHHyAg10f05aSFVBbcEqGf/PXw1EjAZ+q2/bEBg3DvurK3Q=="
    },
    "before-after-hook": {
      "version": "2.2.3",
      "resolved": "https://registry.npmjs.org/before-after-hook/-/before-after-hook-2.2.3.tgz",
      "integrity": "sha512-NzUnlZexiaH/46WDhANlyR2bXRopNg4F/zuSA3OpZnllCUgRaOF2znDioDWrmbNVsuZk6l9pMquQB38cfBZwkQ=="
    },
    "bowser": {
      "version": "2.14.1",
      "resolved": "https://registry.npmjs.org/bowser/-/bowser-2.14.1.tgz",
      "integrity": "sha512-tzPjzCxygAKWFOJP011oxFHs57HzIhOEracIgAePE4pqB3LikALKnSzUyU4MGs9/iCEUuHlAJTjTc5M+u7YEGg=="
    },
    "cliui": {
      "version": "9.0.1",
      "resolved": "https://registry.npmjs.org/cliui/-/cliui-9.0.1.tgz",
      "integrity": "sha512-k7ndgKhwoQveBL+/1tqGJYNz097I7WOvwbmmU2AR5+magtbjPWQTS1C5vzGkBC8Ym8UWRzfKUzUUqFLypY4Q+w==",
      "requires": {
        "string-width": "^7.2.0",
        "strip-ansi": "^7.1.0",
        "wrap-ansi": "^9.0.0"
      },
      "dependencies": {
        "string-width": {
          "version": "7.2.0",
          "resolved": "https://registry.npmjs.org/string-width/-/string-width-7.2.0.tgz",
          "integrity": "sha512-tsaTIkKW9b4N+AEj+SVA+WhJzV7/zMhcSu78mLKWSk7cXMOSHsBKFWUs0fWwq8QyK3MgJBQRX6Gbi4kYbdvGkQ==",
          "requires": {
            "emoji-regex": "^10.3.0",
            "get-east-asian-width": "^1.0.0",
            "strip-ansi": "^7.1.0"
          }
        }
      }
    },
    "deprecation": {
      "version": "2.3.1",
      "resolved": "https://registry.npmjs.org/deprecation/-/deprecation-2.3.1.tgz",
      "integrity": "sha512-xmHIy4F3scKVwMsQ4WnVaS8bHOx0DmVwRywosKhaILI0ywMDWPtBSku2HNxRvF7jtwDRsoEwYQSfbxj8b7RlJQ=="
    },
    "emoji-regex": {
      "version": "10.6.0",
      "resolved": "https://registry.npmjs.org/emoji-regex/-/emoji-regex-10.6.0.tgz",
      "integrity": "sha512-toUI84YS5YmxW219erniWD0CIVOo46xGKColeNQRgOzDorgBi1v4D71/OFzgD9GO2UGKIv1C3Sp8DAn0+j5w7A=="
    },
    "escalade": {
      "version": "3.2.0",
      "resolved": "https://registry.npmjs.org/escalade/-/escalade-3.2.0.tgz",
      "integrity": "sha512-WUj2qlxaQtO4g6Pq5c29GTcWGDyd8itL8zTlipgECz3JesAiiOKotd8JU6otB3PACgG6xkJUyVhboMS+bje/jA=="
    },
    "get-caller-file": {
      "version": "2.0.5",
      "resolved": "https://registry.npmjs.org/get-caller-file/-/get-caller-file-2.0.5.tgz",
      "integrity": "sha512-DyFP3BM/3YHTQOCUL/w0OZHR0lpKeGrxotcHWcqNEdnltqFwXVfhEBQ94eIo34AfQpo0rGki4cyIiftY06h2Fg=="
    },
    "get-east-asian-width": {
      "version": "1.6.0",
      "resolved": "https://registry.npmjs.org/get-east-asian-width/-/get-east-asian-width-1.6.0.tgz",
      "integrity": "sha512-QRbvDIbx6YklUe6RxeTeleMR0yv3cYH6PsPZHcnVn7xv7zO1BHN8r0XETu8n6Ye3Q+ahtSarc3WgtNWmehIBfA=="
    },
    "is-plain-object": {
      "version": "5.0.0",
      "resolved": "https://registry.npmjs.org/is-plain-object/-/is-plain-object-5.0.0.tgz",
      "integrity": "sha512-VRSzKkbMm5jMDoKLbltAkFQ5Qr7VDiTFGXxYFXXowVj387GeGNOCsOH6Msy00SGZ3Fp84b1Naa1psqgcCIEP5Q=="
    },
    "js-yaml": {
      "version": "4.3.1",
      "resolved": "https://registry.npmjs.org/js-yaml/-/js-yaml-4.3.1.tgz",
      "integrity": "sha512-CY6crGq313MX8GkwvB7tzgp99vjQxY1++5y10/BKN/GUfHqWaOGQMNZkBvqSzsZKWk/ijwHlWzzkLulsGHhjWQ==",
      "requires": {
        "argparse": "^2.0.1"
      }
    },
    "lodash.get": {
      "version": "4.4.2",
      "resolved": "https://registry.npmjs.org/lodash.get/-/lodash.get-4.4.2.tgz",
      "integrity": "sha512-z+Uw/vLuy6gQe8cfaFWD7p0wVv8fJl3mbzXh33RS+0oW2wvUqiRXiQ69gLWSLpgB5/6sU+r6BlQR0MBILadqTQ=="
    },
    "lodash.merge": {
      "version": "4.6.2",
      "resolved": "https://registry.npmjs.org/lodash.merge/-/lodash.merge-4.6.2.tgz",
      "integrity": "sha512-0KpjqXRVvrYyCsX1swR/XTK0va6VQkQM6MNo7PqW77ByjAhoARA8EfrP1N4+KlKj8YS0ZUCtRT/YUuhyYDujIQ=="
    },
    "node-fetch": {
      "version": "2.7.0",
      "resolved": "https://registry.npmjs.org/node-fetch/-/node-fetch-2.7.0.tgz",
      "integrity": "sha512-c4FRfUm/dbcWZ7U+1Wq0AwCyFL+3nt2bEw05wfxSz+DWpWsitgmSgYmy2dQdWyKC1694ELPqMs/YzUSNozLt8A==",
      "requires": {
        "whatwg-url": "^5.0.0"
      }
    },
    "once": {
      "version": "1.4.0",
      "resolved": "https://registry.npmjs.org/once/-/once-1.4.0.tgz",
      "integrity": "sha512-lNaJgI+2Q5URQBkccEKHTQOPaXdUxnZZElQTZY0MFUAuaEqe1E+Nyvgdz/aIyNi6Z9MzO5dv1H8n58/GELp3+w==",
      "requires": {
        "wrappy": "1"
      }
    },
    "parse-env-string": {
      "version": "1.0.1",
      "resolved": "https://registry.npmjs.org/parse-env-string/-/parse-env-string-1.0.1.tgz",
      "integrity": "sha512-nozPS2x3SzOI6K2TUeeK/KwxMcg22SpAYVY75JeOXHu0M33L+Zo38NkNBlvUqajGwBGKYEbVTI4WemZJFo/OAA=="
    },
    "string-width": {
      "version": "8.2.2",
      "resolved": "https://registry.npmjs.org/string-width/-/string-width-8.2.2.tgz",
      "integrity": "sha512-GaPUh5gfdrYzqeVNZvUfT23vYYxXzKYidUcnMtJg/3rxRV63EFZy3k6xfKlmfeJD0176lnUV/Usr3XcwSvFzpg==",
      "requires": {
        "get-east-asian-width": "^1.5.0",
        "strip-ansi": "^7.1.2"
      }
    },
    "strip-ansi": {
      "version": "7.2.0",
      "resolved": "https://registry.npmjs.org/strip-ansi/-/strip-ansi-7.2.0.tgz",
      "integrity": "sha512-yDPMNjp4WyfYBkHnjIRLfca1i6KMyGCtsVgoKe/z1+6vukgaENdgGBZt+ZmKPc4gavvEZ5OgHfHdrazhgNyG7w==",
      "requires": {
        "ansi-regex": "^6.2.2"
      }
    },
    "tr46": {
      "version": "0.0.3",
      "resolved": "https://registry.npmjs.org/tr46/-/tr46-0.0.3.tgz",
      "integrity": "sha512-N3WMsuqV66lT30CrXNbEjx4GEwlow3v6rr4mCcv6prnfwhS01rkgyFdjPNBYd9br7LpXV1+Emh01fHnq2Gdgrw=="
    },
    "tslib": {
      "version": "2.8.1",
      "resolved": "https://registry.npmjs.org/tslib/-/tslib-2.8.1.tgz",
      "integrity": "sha512-oJFu94HQb+KVduSUQL7wnpmqnfmLsOA/nAh6b6EH0wCEoK0/mPeXU6c3wKDV83MkOuHPRHtSXKKU99IBazS/2w=="
    },
    "universal-user-agent": {
      "version": "6.0.1",
      "resolved": "https://registry.npmjs.org/universal-user-agent/-/universal-user-agent-6.0.1.tgz",
      "integrity": "sha512-yCzhz6FN2wU1NiiQRogkTQszlQSlpWaw8SvVegAc+bDxbzHgh1vX8uIe8OYyMH6DwH+sdTJsgMl36+mSMdRJIQ=="
    },
    "webidl-conversions": {
      "version": "3.0.1",
      "resolved": "https://registry.npmjs.org/webidl-conversions/-/webidl-conversions-3.0.1.tgz",
      "integrity": "sha512-2JAn3z8AR6rjK8Sm8orRC0h/bcl/DqL7tRPdGZ4I1CjdF+EaMLmYxBHyXuKL849eucPFhvBoxMsflfOb8kxaeQ=="
    },
    "whatwg-url": {
      "version": "5.0.0",
      "resolved": "https://registry.npmjs.org/whatwg-url/-/whatwg-url-5.0.0.tgz",
      "integrity": "sha512-saE57nupxk6v3HY35+jzBwYa0rKSy0XR8JSxZPwgLr7ys0IBzhGviA1/TUGJLmSVqs8pb9AnvICXEuOHLprYTw==",
      "requires": {
        "tr46": "~0.0.3",
        "webidl-conversions": "^3.0.0"
      }
    },
    "wrap-ansi": {
      "version": "9.0.2",
      "resolved": "https://registry.npmjs.org/wrap-ansi/-/wrap-ansi-9.0.2.tgz",
      "integrity": "sha512-42AtmgqjV+X1VpdOfyTGOYRi0/zsoLqtXQckTmqTeybT+BDIbM/Guxo7x3pE2vtpr1ok6xRqM9OpBe+Jyoqyww==",
      "requires": {
        "ansi-styles": "^6.2.1",
        "string-width": "^7.0.0",
        "strip-ansi": "^7.1.0"
      },
      "dependencies": {
        "string-width": {
          "version": "7.2.0",
          "resolved": "https://registry.npmjs.org/string-width/-/string-width-7.2.0.tgz",
          "integrity": "sha512-tsaTIkKW9b4N+AEj+SVA+WhJzV7/zMhcSu78mLKWSk7cXMOSHsBKFWUs0fWwq8QyK3MgJBQRX6Gbi4kYbdvGkQ==",
          "requires": {
            "emoji-regex": "^10.3.0",
            "get-east-asian-width": "^1.0.0",
            "strip-ansi": "^7.1.0"
          }
        }
      }
    },
    "wrappy": {
      "version": "1.0.2",
      "resolved": "https://registry.npmjs.org/wrappy/-/wrappy-1.0.2.tgz",
      "integrity": "sha512-l4Sp/DRseor9wL6EvV2+TuQn63dMkPjZ/sp9XkghTEbV9KlPS1xUsZ3u7/IQO4wxtcFB4bgpQPRcR3QCvezPcQ=="
    },
    "y18n": {
      "version": "5.0.8",
      "resolved": "https://registry.npmjs.org/y18n/-/y18n-5.0.8.tgz",
      "integrity": "sha512-0pfFzegeDWJHJIAmTLRP2DwHjdF5s7jo9tuztdQxAhINCdvS+3nGINqPd00AphqJR/0LhANUS6/+7SCb98YOfA=="
    },
    "yargs": {
      "version": "18.1.0",
      "resolved": "https://registry.npmjs.org/yargs/-/yargs-18.1.0.tgz",
      "integrity": "sha512-2rAgRKu54VsHkqI0/tYkmluGXHD4KW7yZoycuqDQ15QOTnc2VVfy0nN/1eMhnQLO00A+dwtK20xuCnc1YGeUyg==",
      "requires": {
        "cliui": "^9.0.1",
        "escalade": "^3.1.1",
        "get-caller-file": "^2.0.5",
        "string-width": "^8.2.1",
        "y18n": "^5.0.5",
        "yargs-parser": "^22.0.0"
      }
    },
    "yargs-parser": {
      "version": "22.0.0",
      "resolved": "https://registry.npmjs.org/yargs-parser/-/yargs-parser-22.0.0.tgz",
      "integrity": "sha512-rwu/ClNdSMpkSrUb+d6BRsSkLUq1fmfsY6TOpYzTwvwkg1/NRG85KBy3kq++A8LKQwX6lsu+aWad+2khvuXrqw=="
    }
  }
}
